
Microsoft Visual Studio Solution File, Format Version 12.00
# Visual Studio Version 16
VisualStudioVersion = 16.0.29201.188
MinimumVisualStudioVersion = 10.0.40219.1
Project("{FAE04EC0-301F-11D3-BF4B-00C04F79EFBC}") = "SalaryWorker", "SalaryWorker\SalaryWorker.csproj", "{A75EFAD3-6096-41EF-B0CF-18DC9DCFCE08}"
EndProject
Global
	GlobalSection(SolutionConfigurationPlatforms) = preSolution
		Debug|Any CPU = Debug|Any CPU
		Release|Any CPU = Release|Any CPU
	EndGlobalSection
	GlobalSection(ProjectConfigurationPlatforms) = postSolution
		{A75EFAD3-6096-41EF-B0CF-18DC9DCFCE08}.Debug|Any CPU.ActiveCfg = Debug|Any CPU
		{A75EFAD3-6096-41EF-B0CF-18DC9DCFCE08}.Debug|Any CPU.Build.0 = Debug|Any CPU
		{A75EFAD3-6096-41EF-B0CF-18DC9DCFCE08}.Release|Any CPU.ActiveCfg = Release|Any CPU
		{A75EFAD3-6096-41EF-B0CF-18DC9DCFCE08}.Release|Any CPU.Build.0 = Release|Any CPU
	EndGlobalSection
	GlobalSection(SolutionProperties) = preSolution
		HideSolutionNode = FALSE
	EndGlobalSection
	GlobalSection(ExtensibilityGlobals) = postSolution
		SolutionGuid = {2D0CCA47-3B00-4AC9-9257-EF2CC9473334}
	EndGlobalSection
EndGlobal
